<?xml version="1.0" encoding="UTF-8" standalone="yes" ?>
<CodeBlocks_project_file>
	<FileVersion major="1" minor="6" />
	<Project>
		<Option title="image_stitching" />
		<Option pch_mode="2" />
		<Option compiler="gcc" />
		<Build>
			<Target title="Debug">
				<Option output="bin/Debug/image_stitching" prefix_auto="1" extension_auto="1" />
				<Option object_output="obj/Debug/" />
				<Option type="1" />
				<Option compiler="gcc" />
				<Option parameters="imgs/e19.jpg imgs/e20.jpg imgs/e21.jpg imgs/e22.jpg imgs/e23.jpg imgs/e24.jpg" />
				<Compiler>
					<Add option="-g" />
					<Add option="-fPIC" />
					<Add directory="/usr/local/include/opencv2" />
					<Add directory="../apriltags/build/include" />
					<Add directory="/usr/include/eigen3" />
					<Add directory="/usr/local/include/gnuplot-iostream" />
					<Add directory="/usr/include/boost" />
				</Compiler>
				<Linker>
					<Add library="/usr/local/lib/libopencv_stitching.so" />
					<Add library="/usr/local/lib/libopencv_core.so.3.0" />
					<Add library="/usr/local/lib/libopencv_highgui.so" />
					<Add library="/usr/local/lib/libopencv_imgcodecs.so" />
					<Add library="../apriltags/build/lib/libapriltags.a" />
					<Add library="/usr/local/lib/libopencv_calib3d.so" />
					<Add library="/usr/local/lib/libopencv_imgproc.so" />
					<Add library="boost_system" />
					<Add library="boost_iostreams" />
					<Add library="boost_filesystem" />
					<Add directory="/usr/local/lib" />
					<Add directory="../apriltags/build/lib" />
					<Add directory="/usr/local/include/gnuplot-iostream" />
				</Linker>
			</Target>
			<Target title="Release">
				<Option output="bin/Release/image_stitching" prefix_auto="1" extension_auto="1" />
				<Option object_output="obj/Release/" />
				<Option type="1" />
				<Option compiler="gcc" />
				<Option parameters="imgs/d1.jpg imgs/d2.jpg imgs/d3.jpg imgs/d4.jpg imgs/d5.jpg imgs/d6.jpg imgs/d7.jpg imgs/d8.jpg imgs/d9.jpg imgs/d10.jpg imgs/d11.jpg" />
				<Compiler>
					<Add option="-O2" />
					<Add option="-fPIC" />
					<Add directory="/usr/local/include/opencv2" />
					<Add directory="../apriltags/build/include" />
					<Add directory="/usr/include/eigen3" />
				</Compiler>
				<Linker>
					<Add option="-s" />
					<Add library="/usr/local/lib/libopencv_stitching.so" />
					<Add library="/usr/local/lib/libopencv_core.so.3.0" />
					<Add library="/usr/local/lib/libopencv_highgui.so" />
					<Add library="/usr/local/lib/libopencv_imgcodecs.so" />
					<Add library="../apriltags/build/lib/libapriltags.a" />
					<Add library="/usr/local/lib/libopencv_calib3d.so" />
					<Add library="/usr/local/lib/libopencv_imgproc.so" />
					<Add directory="/usr/local/lib" />
					<Add directory="../apriltags/build/lib" />
				</Linker>
			</Target>
		</Build>
		<Compiler>
			<Add option="-Wall" />
			<Add option="-fexceptions" />
		</Compiler>
		<Unit filename="april_analysis.cpp" />
		<Unit filename="april_analysis.h" />
		<Unit filename="delaunay_line.cpp" />
		<Unit filename="delaunay_line.h" />
		<Unit filename="delaunay_point.cpp" />
		<Unit filename="delaunay_point.h" />
		<Unit filename="delaunay_triangulation.cpp" />
		<Unit filename="delaunay_triangulation.h" />
		<Unit filename="main.cpp" />
		<Unit filename="plot_tools.cpp" />
		<Unit filename="plot_tools.h" />
		<Unit filename="point_sets.cpp" />
		<Unit filename="point_sets.h" />
		<Unit filename="random_points.cpp" />
		<Unit filename="random_points.h" />
		<Unit filename="simple_stitcher.cpp" />
		<Unit filename="simple_stitcher.h" />
		<Unit filename="vector2d.h" />
		<Extensions>
			<code_completion />
			<debugger />
		</Extensions>
	</Project>
</CodeBlocks_project_file>
